// !$*UTF8*$!
{
	archiveVersion = 1;
	classes = {
	};
	objectVersion = 51;
	objects = {

/* Begin PBXBuildFile section */
		C8207391257F3DA40002BC76 /* AppDelegate.swift in Sources */ = {isa = PBXBuildFile; fileRef = C8207390257F3DA40002BC76 /* AppDelegate.swift */; };
		C8207393257F3DA40002BC76 /* SceneDelegate.swift in Sources */ = {isa = PBXBuildFile; fileRef = C8207392257F3DA40002BC76 /* SceneDelegate.swift */; };
		C8207395257F3DA40002BC76 /* ViewController.swift in Sources */ = {isa = PBXBuildFile; fileRef = C8207394257F3DA40002BC76 /* ViewController.swift */; };
		C8207398257F3DA40002BC76 /* Main.storyboard in Resources */ = {isa = PBXBuildFile; fileRef = C8207396257F3DA40002BC76 /* Main.storyboard */; };
		C820739A257F3DA60002BC76 /* Assets.xcassets in Resources */ = {isa = PBXBuildFile; fileRef = C8207399257F3DA60002BC76 /* Assets.xcassets */; };
		C820739D257F3DA60002BC76 /* LaunchScreen.storyboard in Resources */ = {isa = PBXBuildFile; fileRef = C820739B257F3DA60002BC76 /* LaunchScreen.storyboard */; };
		C82073A9257F3E580002BC76 /* AppConstant.swift in Sources */ = {isa = PBXBuildFile; fileRef = C82073A8257F3E580002BC76 /* AppConstant.swift */; };
		C82073AC257F3E920002BC76 /* APIService.swift in Sources */ = {isa = PBXBuildFile; fileRef = C82073AB257F3E920002BC76 /* APIService.swift */; };
		C82073AE257F3EAD0002BC76 /* DiaryListViewController.swift in Sources */ = {isa = PBXBuildFile; fileRef = C82073AD257F3EAD0002BC76 /* DiaryListViewController.swift */; };
		C82073B0257F3EC10002BC76 /* EditDiaryViewController.swift in Sources */ = {isa = PBXBuildFile; fileRef = C82073AF257F3EC10002BC76 /* EditDiaryViewController.swift */; };
		C82073B2257F52480002BC76 /* DiaryListTableViewCell.swift in Sources */ = {isa = PBXBuildFile; fileRef = C82073B1257F52480002BC76 /* DiaryListTableViewCell.swift */; };
		C82073BB257F55F10002BC76 /* CoreDataStack.swift in Sources */ = {isa = PBXBuildFile; fileRef = C82073BA257F55F10002BC76 /* CoreDataStack.swift */; };
		C82073BD257F57070002BC76 /* WSParams.swift in Sources */ = {isa = PBXBuildFile; fileRef = C82073BC257F57070002BC76 /* WSParams.swift */; };
		C82073C0257F5B8A0002BC76 /* CoreDataDiaryApp.xcdatamodeld in Sources */ = {isa = PBXBuildFile; fileRef = C82073BE257F5B8A0002BC76 /* CoreDataDiaryApp.xcdatamodeld */; };
		C82073D7257F5D650002BC76 /* Diary+CoreDataClass.swift in Sources */ = {isa = PBXBuildFile; fileRef = C82073D5257F5D650002BC76 /* Diary+CoreDataClass.swift */; };
		C82073D8257F5D650002BC76 /* Diary+CoreDataProperties.swift in Sources */ = {isa = PBXBuildFile; fileRef = C82073D6257F5D650002BC76 /* Diary+CoreDataProperties.swift */; };
		C82073DB257F6D0A0002BC76 /* UiViewControllerExtension.swift in Sources */ = {isa = PBXBuildFile; fileRef = C82073DA257F6D0A0002BC76 /* UiViewControllerExtension.swift */; };
		C82073DD257F6F350002BC76 /* SwiftExtension.swift in Sources */ = {isa = PBXBuildFile; fileRef = C82073DC257F6F350002BC76 /* SwiftExtension.swift */; };
		C82073DF257F70810002BC76 /* UIAlertViewController.swift in Sources */ = {isa = PBXBuildFile; fileRef = C82073DE257F70810002BC76 /* UIAlertViewController.swift */; };
		E516B577C0BA5A74B0A61BCB /* Pods_DiaryApp.framework in Frameworks */ = {isa = PBXBuildFile; fileRef = 86A9CEAAA3DE082672D6B392 /* Pods_DiaryApp.framework */; };
/* End PBXBuildFile section */

/* Begin PBXFileReference section */
		6B291A8E2BED487E5509DD92 /* Pods-DiaryApp.release.xcconfig */ = {isa = PBXFileReference; includeInIndex = 1; lastKnownFileType = text.xcconfig; name = "Pods-DiaryApp.release.xcconfig"; path = "Target Support Files/Pods-DiaryApp/Pods-DiaryApp.release.xcconfig"; sourceTree = "<group>"; };
		86A9CEAAA3DE082672D6B392 /* Pods_DiaryApp.framework */ = {isa = PBXFileReference; explicitFileType = wrapper.framework; includeInIndex = 0; path = Pods_DiaryApp.framework; sourceTree = BUILT_PRODUCTS_DIR; };
		AB46CB0F464389F362C0AFF8 /* Pods-DiaryApp.debug.xcconfig */ = {isa = PBXFileReference; includeInIndex = 1; lastKnownFileType = text.xcconfig; name = "Pods-DiaryApp.debug.xcconfig"; path = "Target Support Files/Pods-DiaryApp/Pods-DiaryApp.debug.xcconfig"; sourceTree = "<group>"; };
		C820738D257F3DA40002BC76 /* DiaryApp.app */ = {isa = PBXFileReference; explicitFileType = wrapper.application; includeInIndex = 0; path = DiaryApp.app; sourceTree = BUILT_PRODUCTS_DIR; };
		C8207390257F3DA40002BC76 /* AppDelegate.swift */ = {isa = PBXFileReference; lastKnownFileType = sourcecode.swift; path = AppDelegate.swift; sourceTree = "<group>"; };
		C8207392257F3DA40002BC76 /* SceneDelegate.swift */ = {isa = PBXFileReference; lastKnownFileType = sourcecode.swift; path = SceneDelegate.swift; sourceTree = "<group>"; };
		C8207394257F3DA40002BC76 /* ViewController.swift */ = {isa = PBXFileReference; lastKnownFileType = sourcecode.swift; path = ViewController.swift; sourceTree = "<group>"; };
		C8207397257F3DA40002BC76 /* Base */ = {isa = PBXFileReference; lastKnownFileType = file.storyboard; name = Base; path = Base.lproj/Main.storyboard; sourceTree = "<group>"; };
		C8207399257F3DA60002BC76 /* Assets.xcassets */ = {isa = PBXFileReference; lastKnownFileType = folder.assetcatalog; path = Assets.xcassets; sourceTree = "<group>"; };
		C820739C257F3DA60002BC76 /* Base */ = {isa = PBXFileReference; lastKnownFileType = file.storyboard; name = Base; path = Base.lproj/LaunchScreen.storyboard; sourceTree = "<group>"; };
		C820739E257F3DA60002BC76 /* Info.plist */ = {isa = PBXFileReference; lastKnownFileType = text.plist.xml; path = Info.plist; sourceTree = "<group>"; };
		C82073A8257F3E580002BC76 /* AppConstant.swift */ = {isa = PBXFileReference; lastKnownFileType = sourcecode.swift; path = AppConstant.swift; sourceTree = "<group>"; };
		C82073AB257F3E920002BC76 /* APIService.swift */ = {isa = PBXFileReference; lastKnownFileType = sourcecode.swift; path = APIService.swift; sourceTree = "<group>"; };
		C82073AD257F3EAD0002BC76 /* DiaryListViewController.swift */ = {isa = PBXFileReference; lastKnownFileType = sourcecode.swift; path = DiaryListViewController.swift; sourceTree = "<group>"; };
		C82073AF257F3EC10002BC76 /* EditDiaryViewController.swift */ = {isa = PBXFileReference; lastKnownFileType = sourcecode.swift; path = EditDiaryViewController.swift; sourceTree = "<group>"; };
		C82073B1257F52480002BC76 /* DiaryListTableViewCell.swift */ = {isa = PBXFileReference; lastKnownFileType = sourcecode.swift; path = DiaryListTableViewCell.swift; sourceTree = "<group>"; };
		C82073BA257F55F10002BC76 /* CoreDataStack.swift */ = {isa = PBXFileReference; lastKnownFileType = sourcecode.swift; path = CoreDataStack.swift; sourceTree = "<group>"; };
		C82073BC257F57070002BC76 /* WSParams.swift */ = {isa = PBXFileReference; lastKnownFileType = sourcecode.swift; path = WSParams.swift; sourceTree = "<group>"; };
		C82073BF257F5B8A0002BC76 /* CoreDataDiaryApp.xcdatamodel */ = {isa = PBXFileReference; lastKnownFileType = wrapper.xcdatamodel; path = CoreDataDiaryApp.xcdatamodel; sourceTree = "<group>"; };
		C82073D5257F5D650002BC76 /* Diary+CoreDataClass.swift */ = {isa = PBXFileReference; lastKnownFileType = sourcecode.swift; path = "Diary+CoreDataClass.swift"; sourceTree = "<group>"; };
		C82073D6257F5D650002BC76 /* Diary+CoreDataProperties.swift */ = {isa = PBXFileReference; lastKnownFileType = sourcecode.swift; path = "Diary+CoreDataProperties.swift"; sourceTree = "<group>"; };
		C82073DA257F6D0A0002BC76 /* UiViewControllerExtension.swift */ = {isa = PBXFileReference; lastKnownFileType = sourcecode.swift; path = UiViewControllerExtension.swift; sourceTree = "<group>"; };
		C82073DC257F6F350002BC76 /* SwiftExtension.swift */ = {isa = PBXFileReference; lastKnownFileType = sourcecode.swift; path = SwiftExtension.swift; sourceTree = "<group>"; };
		C82073DE257F70810002BC76 /* UIAlertViewController.swift */ = {isa = PBXFileReference; lastKnownFileType = sourcecode.swift; path = UIAlertViewController.swift; sourceTree = "<group>"; };
/* End PBXFileReference section */

/* Begin PBXFrameworksBuildPhase section */
		C820738A257F3DA40002BC76 /* Frameworks */ = {
			isa = PBXFrameworksBuildPhase;
			buildActionMask = 2147483647;
			files = (
				E516B577C0BA5A74B0A61BCB /* Pods_DiaryApp.framework in Frameworks */,
			);
			runOnlyForDeploymentPostprocessing = 0;
		};
/* End PBXFrameworksBuildPhase section */

/* Begin PBXGroup section */
		4FACD0A15F1FAEF8059340F4 /* Frameworks */ = {
			isa = PBXGroup;
			children = (
				86A9CEAAA3DE082672D6B392 /* Pods_DiaryApp.framework */,
			);
			name = Frameworks;
			sourceTree = "<group>";
		};
		632645596EB15795C1CE5FAE /* Pods */ = {
			isa = PBXGroup;
			children = (
				AB46CB0F464389F362C0AFF8 /* Pods-DiaryApp.debug.xcconfig */,
				6B291A8E2BED487E5509DD92 /* Pods-DiaryApp.release.xcconfig */,
			);
			path = Pods;
			sourceTree = "<group>";
		};
		C8207384257F3DA40002BC76 = {
			isa = PBXGroup;
			children = (
				C820738F257F3DA40002BC76 /* DiaryApp */,
				C820738E257F3DA40002BC76 /* Products */,
				632645596EB15795C1CE5FAE /* Pods */,
				4FACD0A15F1FAEF8059340F4 /* Frameworks */,
			);
			sourceTree = "<group>";
		};
		C820738E257F3DA40002BC76 /* Products */ = {
			isa = PBXGroup;
			children = (
				C820738D257F3DA40002BC76 /* DiaryApp.app */,
			);
			name = Products;
			sourceTree = "<group>";
		};
		C820738F257F3DA40002BC76 /* DiaryApp */ = {
			isa = PBXGroup;
			children = (
				C82073A7257F3E310002BC76 /* Utils */,
				C82073A6257F3DD60002BC76 /* Controller */,
				C82073A5257F3DD00002BC76 /* View */,
				C82073A4257F3DCB0002BC76 /* Model */,
				C8207390257F3DA40002BC76 /* AppDelegate.swift */,
				C8207392257F3DA40002BC76 /* SceneDelegate.swift */,
				C8207394257F3DA40002BC76 /* ViewController.swift */,
				C8207396257F3DA40002BC76 /* Main.storyboard */,
				C8207399257F3DA60002BC76 /* Assets.xcassets */,
				C820739B257F3DA60002BC76 /* LaunchScreen.storyboard */,
				C820739E257F3DA60002BC76 /* Info.plist */,
				C82073BE257F5B8A0002BC76 /* CoreDataDiaryApp.xcdatamodeld */,
			);
			path = DiaryApp;
			sourceTree = "<group>";
		};
		C82073A4257F3DCB0002BC76 /* Model */ = {
			isa = PBXGroup;
			children = (
				C82073D5257F5D650002BC76 /* Diary+CoreDataClass.swift */,
				C82073D6257F5D650002BC76 /* Diary+CoreDataProperties.swift */,
				C82073BA257F55F10002BC76 /* CoreDataStack.swift */,
			);
			path = Model;
			sourceTree = "<group>";
		};
		C82073A5257F3DD00002BC76 /* View */ = {
			isa = PBXGroup;
			children = (
				C82073B1257F52480002BC76 /* DiaryListTableViewCell.swift */,
			);
			path = View;
			sourceTree = "<group>";
		};
		C82073A6257F3DD60002BC76 /* Controller */ = {
			isa = PBXGroup;
			children = (
				C82073AD257F3EAD0002BC76 /* DiaryListViewController.swift */,
				C82073AF257F3EC10002BC76 /* EditDiaryViewController.swift */,
			);
			path = Controller;
			sourceTree = "<group>";
		};
		C82073A7257F3E310002BC76 /* Utils */ = {
			isa = PBXGroup;
			children = (
				C82073D9257F6CE70002BC76 /* Extension */,
				C82073AA257F3E750002BC76 /* Services */,
				C82073A8257F3E580002BC76 /* AppConstant.swift */,
				C82073BC257F57070002BC76 /* WSParams.swift */,
			);
			path = Utils;
			sourceTree = "<group>";
		};
		C82073AA257F3E750002BC76 /* Services */ = {
			isa = PBXGroup;
			children = (
				C82073AB257F3E920002BC76 /* APIService.swift */,
			);
			path = Services;
			sourceTree = "<group>";
		};
		C82073D9257F6CE70002BC76 /* Extension */ = {
			isa = PBXGroup;
			children = (
				C82073DA257F6D0A0002BC76 /* UiViewControllerExtension.swift */,
				C82073DC257F6F350002BC76 /* SwiftExtension.swift */,
				C82073DE257F70810002BC76 /* UIAlertViewController.swift */,
			);
			path = Extension;
			sourceTree = "<group>";
		};
/* End PBXGroup section */

/* Begin PBXNativeTarget section */
		C820738C257F3DA40002BC76 /* DiaryApp */ = {
			isa = PBXNativeTarget;
			buildConfigurationList = C82073A1257F3DA60002BC76 /* Build configuration list for PBXNativeTarget "DiaryApp" */;
			buildPhases = (
				E1B39C004C517526B3B49F5D /* [CP] Check Pods Manifest.lock */,
				C8207389257F3DA40002BC76 /* Sources */,
				C820738A257F3DA40002BC76 /* Frameworks */,
				C820738B257F3DA40002BC76 /* Resources */,
				449144ABBE74F3E039288FEF /* [CP] Embed Pods Frameworks */,
			);
			buildRules = (
			);
			dependencies = (
			);
			name = DiaryApp;
			productName = DiaryApp;
			productReference = C820738D257F3DA40002BC76 /* DiaryApp.app */;
			productType = "com.apple.product-type.application";
		};
/* End PBXNativeTarget section */

/* Begin PBXProject section */
		C8207385257F3DA40002BC76 /* Project object */ = {
			isa = PBXProject;
			attributes = {
				LastSwiftUpdateCheck = 1130;
				LastUpgradeCheck = 1130;
				ORGANIZATIONNAME = "Dhara Patel";
				TargetAttributes = {
					C820738C257F3DA40002BC76 = {
						CreatedOnToolsVersion = 11.3.1;
					};
				};
			};
			buildConfigurationList = C8207388257F3DA40002BC76 /* Build configuration list for PBXProject "DiaryApp" */;
			compatibilityVersion = "Xcode 9.3";
			developmentRegion = en;
			hasScannedForEncodings = 0;
			knownRegions = (
				en,
				Base,
			);
			mainGroup = C8207384257F3DA40002BC76;
			productRefGroup = C820738E257F3DA40002BC76 /* Products */;
			projectDirPath = "";
			projectRoot = "";
			targets = (
				C820738C257F3DA40002BC76 /* DiaryApp */,
			);
		};
/* End PBXProject section */

/* Begin PBXResourcesBuildPhase section */
		C820738B257F3DA40002BC76 /* Resources */ = {
			isa = PBXResourcesBuildPhase;
			buildActionMask = 2147483647;
			files = (
				C820739D257F3DA60002BC76 /* LaunchScreen.storyboard in Resources */,
				C820739A257F3DA60002BC76 /* Assets.xcassets in Resources */,
				C8207398257F3DA40002BC76 /* Main.storyboard in Resources */,
			);
			runOnlyForDeploymentPostprocessing = 0;
		};
/* End PBXResourcesBuildPhase section */

/* Begin PBXShellScriptBuildPhase section */
		449144ABBE74F3E039288FEF /* [CP] Embed Pods Frameworks */ = {
			isa = PBXShellScriptBuildPhase;
			buildActionMask = 2147483647;
			files = (
			);
			inputFileListPaths = (
				"${PODS_ROOT}/Target Support Files/Pods-DiaryApp/Pods-DiaryApp-frameworks-${CONFIGURATION}-input-files.xcfilelist",
			);
			name = "[CP] Embed Pods Frameworks";
			outputFileListPaths = (
				"${PODS_ROOT}/Target Support Files/Pods-DiaryApp/Pods-DiaryApp-frameworks-${CONFIGURATION}-output-files.xcfilelist",
			);
			runOnlyForDeploymentPostprocessing = 0;
			shellPath = /bin/sh;
			shellScript = "\"${PODS_ROOT}/Target Support Files/Pods-DiaryApp/Pods-DiaryApp-frameworks.sh\"\n";
			showEnvVarsInLog = 0;
		};
		E1B39C004C517526B3B49F5D /* [CP] Check Pods Manifest.lock */ = {
			isa = PBXShellScriptBuildPhase;
			buildActionMask = 2147483647;
			files = (
			);
			inputFileListPaths = (
			);
			inputPaths = (
				"${PODS_PODFILE_DIR_PATH}/Podfile.lock",
				"${PODS_ROOT}/Manifest.lock",
			);
			name = "[CP] Check Pods Manifest.lock";
			outputFileListPaths = (
			);
			outputPaths = (
				"$(DERIVED_FILE_DIR)/Pods-DiaryApp-checkManifestLockResult.txt",
			);
			runOnlyForDeploymentPostprocessing = 0;
			shellPath = /bin/sh;
			shellScript = "diff \"${PODS_PODFILE_DIR_PATH}/Podfile.lock\" \"${PODS_ROOT}/Manifest.lock\" > /dev/null\nif [ $? != 0 ] ; then\n    # print error to STDERR\n    echo \"error: The sandbox is not in sync with the Podfile.lock. Run 'pod install' or update your CocoaPods installation.\" >&2\n    exit 1\nfi\n# This output is used by Xcode 'outputs' to avoid re-running this script phase.\necho \"SUCCESS\" > \"${SCRIPT_OUTPUT_FILE_0}\"\n";
			showEnvVarsInLog = 0;
		};
/* End PBXShellScriptBuildPhase section */

/* Begin PBXSourcesBuildPhase section */
		C8207389257F3DA40002BC76 /* Sources */ = {
			isa = PBXSourcesBuildPhase;
			buildActionMask = 2147483647;
			files = (
				C82073BD257F57070002BC76 /* WSParams.swift in Sources */,
				C8207395257F3DA40002BC76 /* ViewController.swift in Sources */,
				C82073DB257F6D0A0002BC76 /* UiViewControllerExtension.swift in Sources */,
				C82073C0257F5B8A0002BC76 /* CoreDataDiaryApp.xcdatamodeld in Sources */,
				C82073BB257F55F10002BC76 /* CoreDataStack.swift in Sources */,
				C82073D8257F5D650002BC76 /* Diary+CoreDataProperties.swift in Sources */,
				C82073AC257F3E920002BC76 /* APIService.swift in Sources */,
				C82073B0257F3EC10002BC76 /* EditDiaryViewController.swift in Sources */,
				C82073DD257F6F350002BC76 /* SwiftExtension.swift in Sources */,
				C8207391257F3DA40002BC76 /* AppDelegate.swift in Sources */,
				C8207393257F3DA40002BC76 /* SceneDelegate.swift in Sources */,
				C82073DF257F70810002BC76 /* UIAlertViewController.swift in Sources */,
				C82073AE257F3EAD0002BC76 /* DiaryListViewController.swift in Sources */,
				C82073D7257F5D650002BC76 /* Diary+CoreDataClass.swift in Sources */,
				C82073A9257F3E580002BC76 /* AppConstant.swift in Sources */,
				C82073B2257F52480002BC76 /* DiaryListTableViewCell.swift in Sources */,
			);
			runOnlyForDeploymentPostprocessing = 0;
		};
/* End PBXSourcesBuildPhase section */

/* Begin PBXVariantGroup section */
		C8207396257F3DA40002BC76 /* Main.storyboard */ = {
			isa = PBXVariantGroup;
			children = (
				C8207397257F3DA40002BC76 /* Base */,
			);
			name = Main.storyboard;
			sourceTree = "<group>";
		};
		C820739B257F3DA60002BC76 /* LaunchScreen.storyboard */ = {
			isa = PBXVariantGroup;
			children = (
				C820739C257F3DA60002BC76 /* Base */,
			);
			name = LaunchScreen.storyboard;
			sourceTree = "<group>";
		};
/* End PBXVariantGroup section */

/* Begin XCBuildConfiguration section */
		C820739F257F3DA60002BC76 /* Debug */ = {
			isa = XCBuildConfiguration;
			buildSettings = {
				ALWAYS_SEARCH_USER_PATHS = NO;
				CLANG_ANALYZER_NONNULL = YES;
				CLANG_ANALYZER_NUMBER_OBJECT_CONVERSION = YES_AGGRESSIVE;
				CLANG_CXX_LANGUAGE_STANDARD = "gnu++14";
				CLANG_CXX_LIBRARY = "libc++";
				CLANG_ENABLE_MODULES = YES;
				CLANG_ENABLE_OBJC_ARC = YES;
				CLANG_ENABLE_OBJC_WEAK = YES;
				CLANG_WARN_BLOCK_CAPTURE_AUTORELEASING = YES;
				CLANG_WARN_BOOL_CONVERSION = YES;
				CLANG_WARN_COMMA = YES;
				CLANG_WARN_CONSTANT_CONVERSION = YES;
				CLANG_WARN_DEPRECATED_OBJC_IMPLEMENTATIONS = YES;
				CLANG_WARN_DIRECT_OBJC_ISA_USAGE = YES_ERROR;
				CLANG_WARN_DOCUMENTATION_COMMENTS = YES;
				CLANG_WARN_EMPTY_BODY = YES;
				CLANG_WARN_ENUM_CONVERSION = YES;
				CLANG_WARN_INFINITE_RECURSION = YES;
				CLANG_WARN_INT_CONVERSION = YES;
				CLANG_WARN_NON_LITERAL_NULL_CONVERSION = YES;
				CLANG_WARN_OBJC_IMPLICIT_RETAIN_SELF = YES;
				CLANG_WARN_OBJC_LITERAL_CONVERSION = YES;
				CLANG_WARN_OBJC_ROOT_CLASS = YES_ERROR;
				CLANG_WARN_RANGE_LOOP_ANALYSIS = YES;
				CLANG_WARN_STRICT_PROTOTYPES = YES;
				CLANG_WARN_SUSPICIOUS_MOVE = YES;
				CLANG_WARN_UNGUARDED_AVAILABILITY = YES_AGGRESSIVE;
				CLANG_WARN_UNREACHABLE_CODE = YES;
				CLANG_WARN__DUPLICATE_METHOD_MATCH = YES;
				COPY_PHASE_STRIP = NO;
				DEBUG_INFORMATION_FORMAT = dwarf;
				ENABLE_STRICT_OBJC_MSGSEND = YES;
				ENABLE_TESTABILITY = YES;
				GCC_C_LANGUAGE_STANDARD = gnu11;
				GCC_DYNAMIC_NO_PIC = NO;
				GCC_NO_COMMON_BLOCKS = YES;
				GCC_OPTIMIZATION_LEVEL = 0;
				GCC_PREPROCESSOR_DEFINITIONS = (
					"DEBUG=1",
					"$(inherited)",
				);
				GCC_WARN_64_TO_32_BIT_CONVERSION = YES;
				GCC_WARN_ABOUT_RETURN_TYPE = YES_ERROR;
				GCC_WARN_UNDECLARED_SELECTOR = YES;
				GCC_WARN_UNINITIALIZED_AUTOS = YES_AGGRESSIVE;
				GCC_WARN_UNUSED_FUNCTION = YES;
				GCC_WARN_UNUSED_VARIABLE = YES;
				IPHONEOS_DEPLOYMENT_TARGET = 13.2;
				MTL_ENABLE_DEBUG_INFO = INCLUDE_SOURCE;
				MTL_FAST_MATH = YES;
				ONLY_ACTIVE_ARCH = YES;
				SDKROOT = iphoneos;
				SWIFT_ACTIVE_COMPILATION_CONDITIONS = DEBUG;
				SWIFT_OPTIMIZATION_LEVEL = "-Onone";
			};
			name = Debug;
		};
		C82073A0257F3DA60002BC76 /* Release */ = {
			isa = XCBuildConfiguration;
			buildSettings = {
				ALWAYS_SEARCH_USER_PATHS = NO;
				CLANG_ANALYZER_NONNULL = YES;
				CLANG_ANALYZER_NUMBER_OBJECT_CONVERSION = YES_AGGRESSIVE;
				CLANG_CXX_LANGUAGE_STANDARD = "gnu++14";
				CLANG_CXX_LIBRARY = "libc++";
				CLANG_ENABLE_MODULES = YES;
				CLANG_ENABLE_OBJC_ARC = YES;
				CLANG_ENABLE_OBJC_WEAK = YES;
				CLANG_WARN_BLOCK_CAPTURE_AUTORELEASING = YES;
				CLANG_WARN_BOOL_CONVERSION = YES;
				CLANG_WARN_COMMA = YES;
				CLANG_WARN_CONSTANT_CONVERSION = YES;
				CLANG_WARN_DEPRECATED_OBJC_IMPLEMENTATIONS = YES;
				CLANG_WARN_DIRECT_OBJC_ISA_USAGE = YES_ERROR;
				CLANG_WARN_DOCUMENTATION_COMMENTS = YES;
				CLANG_WARN_EMPTY_BODY = YES;
				CLANG_WARN_ENUM_CONVERSION = YES;
				CLANG_WARN_INFINITE_RECURSION = YES;
				CLANG_WARN_INT_CONVERSION = YES;
				CLANG_WARN_NON_LITERAL_NULL_CONVERSION = YES;
				CLANG_WARN_OBJC_IMPLICIT_RETAIN_SELF = YES;
				CLANG_WARN_OBJC_LITERAL_CONVERSION = YES;
				CLANG_WARN_OBJC_ROOT_CLASS = YES_ERROR;
				CLANG_WARN_RANGE_LOOP_ANALYSIS = YES;
				CLANG_WARN_STRICT_PROTOTYPES = YES;
				CLANG_WARN_SUSPICIOUS_MOVE = YES;
				CLANG_WARN_UNGUARDED_AVAILABILITY = YES_AGGRESSIVE;
				CLANG_WARN_UNREACHABLE_CODE = YES;
				CLANG_WARN__DUPLICATE_METHOD_MATCH = YES;
				COPY_PHASE_STRIP = NO;
				DEBUG_INFORMATION_FORMAT = "dwarf-with-dsym";
				ENABLE_NS_ASSERTIONS = NO;
				ENABLE_STRICT_OBJC_MSGSEND = YES;
				GCC_C_LANGUAGE_STANDARD = gnu11;
				GCC_NO_COMMON_BLOCKS = YES;
				GCC_WARN_64_TO_32_BIT_CONVERSION = YES;
				GCC_WARN_ABOUT_RETURN_TYPE = YES_ERROR;
				GCC_WARN_UNDECLARED_SELECTOR = YES;
				GCC_WARN_UNINITIALIZED_AUTOS = YES_AGGRESSIVE;
				GCC_WARN_UNUSED_FUNCTION = YES;
				GCC_WARN_UNUSED_VARIABLE = YES;
				IPHONEOS_DEPLOYMENT_TARGET = 13.2;
				MTL_ENABLE_DEBUG_INFO = NO;
				MTL_FAST_MATH = YES;
				SDKROOT = iphoneos;
				SWIFT_COMPILATION_MODE = wholemodule;
				SWIFT_OPTIMIZATION_LEVEL = "-O";
				VALIDATE_PRODUCT = YES;
			};
			name = Release;
		};
		C82073A2257F3DA60002BC76 /* Debug */ = {
			isa = XCBuildConfiguration;
			baseConfigurationReference = AB46CB0F464389F362C0AFF8 /* Pods-DiaryApp.debug.xcconfig */;
			buildSettings = {
				ASSETCATALOG_COMPILER_APPICON_NAME = AppIcon;
				CODE_SIGN_STYLE = Automatic;
				INFOPLIST_FILE = DiaryApp/Info.plist;
				LD_RUNPATH_SEARCH_PATHS = (
					"$(inherited)",
					"@executable_path/Frameworks",
				);
				PRODUCT_BUNDLE_IDENTIFIER = com.drcsystems.DiaryApp;
				PRODUCT_NAME = "$(TARGET_NAME)";
				SWIFT_VERSION = 5.0;
				TARGETED_DEVICE_FAMILY = 1;
			};
			name = Debug;
		};
		C82073A3257F3DA60002BC76 /* Release */ = {
			isa = XCBuildConfiguration;
			baseConfigurationReference = 6B291A8E2BED487E5509DD92 /* Pods-DiaryApp.release.xcconfig */;
			buildSettings = {
				ASSETCATALOG_COMPILER_APPICON_NAME = AppIcon;
				CODE_SIGN_STYLE = Automatic;
				INFOPLIST_FILE = DiaryApp/Info.plist;
				LD_RUNPATH_SEARCH_PATHS = (
					"$(inherited)",
					"@executable_path/Frameworks",
				);
				PRODUCT_BUNDLE_IDENTIFIER = com.drcsystems.DiaryApp;
				PRODUCT_NAME = "$(TARGET_NAME)";
				SWIFT_VERSION = 5.0;
				TARGETED_DEVICE_FAMILY = 1;
			};
			name = Release;
		};
/* End XCBuildConfiguration section */

/* Begin XCConfigurationList section */
		C8207388257F3DA40002BC76 /* Build configuration list for PBXProject "DiaryApp" */ = {
			isa = XCConfigurationList;
			buildConfigurations = (
				C820739F257F3DA60002BC76 /* Debug */,
				C82073A0257F3DA60002BC76 /* Release */,
			);
			defaultConfigurationIsVisible = 0;
			defaultConfigurationName = Release;
		};
		C82073A1257F3DA60002BC76 /* Build configuration list for PBXNativeTarget "DiaryApp" */ = {
			isa = XCConfigurationList;
			buildConfigurations = (
				C82073A2257F3DA60002BC76 /* Debug */,
				C82073A3257F3DA60002BC76 /* Release */,
			);
			defaultConfigurationIsVisible = 0;
			defaultConfigurationName = Release;
		};
/* End XCConfigurationList section */

/* Begin XCVersionGroup section */
		C82073BE257F5B8A0002BC76 /* CoreDataDiaryApp.xcdatamodeld */ = {
			isa = XCVersionGroup;
			children = (
				C82073BF257F5B8A0002BC76 /* CoreDataDiaryApp.xcdatamodel */,
			);
			currentVersion = C82073BF257F5B8A0002BC76 /* CoreDataDiaryApp.xcdatamodel */;
			path = CoreDataDiaryApp.xcdatamodeld;
			sourceTree = "<group>";
			versionGroupType = wrapper.xcdatamodel;
		};
/* End XCVersionGroup section */
	};
	rootObject = C8207385257F3DA40002BC76 /* Project object */;
}
